
Microsoft Visual Studio Solution File, Format Version 12.00
# Visual Studio Version 17
VisualStudioVersion = 17.8.34316.72
MinimumVisualStudioVersion = 10.0.40219.1
Project("{FAE04EC0-301F-11D3-BF4B-00C04F79EFBC}") = "MyLoginApp", "MyLoginApp\MyLoginApp.csproj", "{A676F0E0-5795-436A-93D4-68F8C739602B}"
EndProject
Global
	GlobalSection(SolutionConfigurationPlatforms) = preSolution
		Debug|Any CPU = Debug|Any CPU
		Release|Any CPU = Release|Any CPU
	EndGlobalSection
	GlobalSection(ProjectConfigurationPlatforms) = postSolution
		{A676F0E0-5795-436A-93D4-68F8C739602B}.Debug|Any CPU.ActiveCfg = Debug|Any CPU
		{A676F0E0-5795-436A-93D4-68F8C739602B}.Debug|Any CPU.Build.0 = Debug|Any CPU
		{A676F0E0-5795-436A-93D4-68F8C739602B}.Debug|Any CPU.Deploy.0 = Debug|Any CPU
		{A676F0E0-5795-436A-93D4-68F8C739602B}.Release|Any CPU.ActiveCfg = Release|Any CPU
		{A676F0E0-5795-436A-93D4-68F8C739602B}.Release|Any CPU.Build.0 = Release|Any CPU
		{A676F0E0-5795-436A-93D4-68F8C739602B}.Release|Any CPU.Deploy.0 = Release|Any CPU
	EndGlobalSection
	GlobalSection(SolutionProperties) = preSolution
		HideSolutionNode = FALSE
	EndGlobalSection
	GlobalSection(ExtensibilityGlobals) = postSolution
		SolutionGuid = {11028CBE-011B-4F81-BAA8-D2B11EA281B5}
	EndGlobalSection
EndGlobal
